// !$*UTF8*$!
{
	archiveVersion = 1;
	classes = {
	};
	objectVersion = 50;
	objects = {

/* Begin PBXBuildFile section */
		C35879B921292C4D00970C1F /* bookmarkTableViewController.swift in Sources */ = {isa = PBXBuildFile; fileRef = C35879B721292C4D00970C1F /* bookmarkTableViewController.swift */; };
		C35879BA21292C4D00970C1F /* bookmarkCell.xib in Resources */ = {isa = PBXBuildFile; fileRef = C35879B821292C4D00970C1F /* bookmarkCell.xib */; };
		C35B3CDE20D0816300747066 /* newsFeed.storyboard in Resources */ = {isa = PBXBuildFile; fileRef = C35B3CDD20D0816300747066 /* newsFeed.storyboard */; };
		C35B3CE020D082B200747066 /* rooms.storyboard in Resources */ = {isa = PBXBuildFile; fileRef = C35B3CDF20D082B200747066 /* rooms.storyboard */; };
		C35B3CE620D082F300747066 /* Pantry_SB.storyboard in Resources */ = {isa = PBXBuildFile; fileRef = C35B3CE520D082F300747066 /* Pantry_SB.storyboard */; };
		C35B3CE820D0830400747066 /* POW_SB.storyboard in Resources */ = {isa = PBXBuildFile; fileRef = C35B3CE720D0830400747066 /* POW_SB.storyboard */; };
		C35B3CEA20D0831200747066 /* ContactUs_SB.storyboard in Resources */ = {isa = PBXBuildFile; fileRef = C35B3CE920D0831200747066 /* ContactUs_SB.storyboard */; };
		C37A74FE20D5C1CC00719AAF /* feedCellTableViewCell.swift in Sources */ = {isa = PBXBuildFile; fileRef = C37A74FD20D5C1CC00719AAF /* feedCellTableViewCell.swift */; };
		C37A750020D5C4D000719AAF /* Feed.swift in Sources */ = {isa = PBXBuildFile; fileRef = C37A74FF20D5C4D000719AAF /* Feed.swift */; };
		C37A750220D5C9C000719AAF /* feedTableViewController.swift in Sources */ = {isa = PBXBuildFile; fileRef = C37A750120D5C9C000719AAF /* feedTableViewController.swift */; };
		C37A750420D755F600719AAF /* RoomsUiViewViewController.swift in Sources */ = {isa = PBXBuildFile; fileRef = C37A750320D755F600719AAF /* RoomsUiViewViewController.swift */; };
		C39964BB20BF2BCC008DB420 /* MapView.swift in Sources */ = {isa = PBXBuildFile; fileRef = C39964BA20BF2BCC008DB420 /* MapView.swift */; };
		C3A0C8AB20C0C81F00FD6213 /* pow.swift in Sources */ = {isa = PBXBuildFile; fileRef = C3A0C8AA20C0C81F00FD6213 /* pow.swift */; };
		C3A0C8AD20C0C9F000FD6213 /* controllerViewCell.swift in Sources */ = {isa = PBXBuildFile; fileRef = C3A0C8AC20C0C9F000FD6213 /* controllerViewCell.swift */; };
		C3BCAAB420D259CD00A4A542 /* loginCheckViewController.swift in Sources */ = {isa = PBXBuildFile; fileRef = C3BCAAB320D259CD00A4A542 /* loginCheckViewController.swift */; };
		C3BDED1A212BC6A60084B475 /* GoogleService-Info.plist in Resources */ = {isa = PBXBuildFile; fileRef = C3BDED19212BC6A60084B475 /* GoogleService-Info.plist */; };
		C3DD5F6120C4802E0042A258 /* LoginViewController.swift in Sources */ = {isa = PBXBuildFile; fileRef = C3DD5F6020C4802E0042A258 /* LoginViewController.swift */; };
		C3DDAD99213B9FEC000A84BA /* Annotations.swift in Sources */ = {isa = PBXBuildFile; fileRef = C3DDAD98213B9FEC000A84BA /* Annotations.swift */; };
		C3DDADA0213BA87F000A84BA /* roomTableViewCell.swift in Sources */ = {isa = PBXBuildFile; fileRef = C3DDAD9E213BA87F000A84BA /* roomTableViewCell.swift */; };
		C3DDADA1213BA87F000A84BA /* roomTableViewCell.xib in Resources */ = {isa = PBXBuildFile; fileRef = C3DDAD9F213BA87F000A84BA /* roomTableViewCell.xib */; };
		C3F04171208A5CEF00A9528B /* AppDelegate.swift in Sources */ = {isa = PBXBuildFile; fileRef = C3F04170208A5CEF00A9528B /* AppDelegate.swift */; };
		C3F04173208A5CEF00A9528B /* contactUs.swift in Sources */ = {isa = PBXBuildFile; fileRef = C3F04172208A5CEF00A9528B /* contactUs.swift */; };
		C3F04175208A5CEF00A9528B /* huskyPantry.swift in Sources */ = {isa = PBXBuildFile; fileRef = C3F04174208A5CEF00A9528B /* huskyPantry.swift */; };
		C3F04178208A5CEF00A9528B /* Main.storyboard in Resources */ = {isa = PBXBuildFile; fileRef = C3F04176208A5CEF00A9528B /* Main.storyboard */; };
		C3F0417A208A5CF000A9528B /* Assets.xcassets in Resources */ = {isa = PBXBuildFile; fileRef = C3F04179208A5CF000A9528B /* Assets.xcassets */; };
		C3F0417D208A5CF000A9528B /* LaunchScreen.storyboard in Resources */ = {isa = PBXBuildFile; fileRef = C3F0417B208A5CF000A9528B /* LaunchScreen.storyboard */; };
		ECF7BE412578FB2D7D5A485A /* Pods_DiversityCenter.framework in Frameworks */ = {isa = PBXBuildFile; fileRef = DFB7AB89CF8AB217BD32874E /* Pods_DiversityCenter.framework */; };
/* End PBXBuildFile section */

/* Begin PBXCopyFilesBuildPhase section */
		C335230220C20F4300738DC4 /* Copy Frameworks */ = {
			isa = PBXCopyFilesBuildPhase;
			buildActionMask = 2147483647;
			dstPath = "";
			dstSubfolderSpec = 7;
			files = (
			);
			name = "Copy Frameworks";
			runOnlyForDeploymentPostprocessing = 0;
		};
/* End PBXCopyFilesBuildPhase section */

/* Begin PBXFileReference section */
		1847FB90CEC912BD7D7B4F54 /* Pods-DiversityCenter.release.xcconfig */ = {isa = PBXFileReference; includeInIndex = 1; lastKnownFileType = text.xcconfig; name = "Pods-DiversityCenter.release.xcconfig"; path = "Pods/Target Support Files/Pods-DiversityCenter/Pods-DiversityCenter.release.xcconfig"; sourceTree = "<group>"; };
		9394543147A2E60DBD45D784 /* Pods-DiversityCenter.debug.xcconfig */ = {isa = PBXFileReference; includeInIndex = 1; lastKnownFileType = text.xcconfig; name = "Pods-DiversityCenter.debug.xcconfig"; path = "Pods/Target Support Files/Pods-DiversityCenter/Pods-DiversityCenter.debug.xcconfig"; sourceTree = "<group>"; };
		C35879B721292C4D00970C1F /* bookmarkTableViewController.swift */ = {isa = PBXFileReference; lastKnownFileType = sourcecode.swift; path = bookmarkTableViewController.swift; sourceTree = "<group>"; };
		C35879B821292C4D00970C1F /* bookmarkCell.xib */ = {isa = PBXFileReference; lastKnownFileType = file.xib; path = bookmarkCell.xib; sourceTree = "<group>"; };
		C35B3CDD20D0816300747066 /* newsFeed.storyboard */ = {isa = PBXFileReference; lastKnownFileType = file.storyboard; path = newsFeed.storyboard; sourceTree = "<group>"; };
		C35B3CDF20D082B200747066 /* rooms.storyboard */ = {isa = PBXFileReference; lastKnownFileType = file.storyboard; path = rooms.storyboard; sourceTree = "<group>"; };
		C35B3CE520D082F300747066 /* Pantry_SB.storyboard */ = {isa = PBXFileReference; lastKnownFileType = file.storyboard; path = Pantry_SB.storyboard; sourceTree = "<group>"; };
		C35B3CE720D0830400747066 /* POW_SB.storyboard */ = {isa = PBXFileReference; lastKnownFileType = file.storyboard; path = POW_SB.storyboard; sourceTree = "<group>"; };
		C35B3CE920D0831200747066 /* ContactUs_SB.storyboard */ = {isa = PBXFileReference; lastKnownFileType = file.storyboard; path = ContactUs_SB.storyboard; sourceTree = "<group>"; };
		C37A74FD20D5C1CC00719AAF /* feedCellTableViewCell.swift */ = {isa = PBXFileReference; lastKnownFileType = sourcecode.swift; path = feedCellTableViewCell.swift; sourceTree = "<group>"; };
		C37A74FF20D5C4D000719AAF /* Feed.swift */ = {isa = PBXFileReference; lastKnownFileType = sourcecode.swift; path = Feed.swift; sourceTree = "<group>"; };
		C37A750120D5C9C000719AAF /* feedTableViewController.swift */ = {isa = PBXFileReference; lastKnownFileType = sourcecode.swift; path = feedTableViewController.swift; sourceTree = "<group>"; };
		C37A750320D755F600719AAF /* RoomsUiViewViewController.swift */ = {isa = PBXFileReference; lastKnownFileType = sourcecode.swift; path = RoomsUiViewViewController.swift; sourceTree = "<group>"; };
		C39964BA20BF2BCC008DB420 /* MapView.swift */ = {isa = PBXFileReference; lastKnownFileType = sourcecode.swift; path = MapView.swift; sourceTree = "<group>"; };
		C3A0C8AA20C0C81F00FD6213 /* pow.swift */ = {isa = PBXFileReference; lastKnownFileType = sourcecode.swift; path = pow.swift; sourceTree = "<group>"; };
		C3A0C8AC20C0C9F000FD6213 /* controllerViewCell.swift */ = {isa = PBXFileReference; lastKnownFileType = sourcecode.swift; path = controllerViewCell.swift; sourceTree = "<group>"; };
		C3BCAAB320D259CD00A4A542 /* loginCheckViewController.swift */ = {isa = PBXFileReference; lastKnownFileType = sourcecode.swift; path = loginCheckViewController.swift; sourceTree = "<group>"; };
		C3BDED19212BC6A60084B475 /* GoogleService-Info.plist */ = {isa = PBXFileReference; fileEncoding = 4; lastKnownFileType = text.plist.xml; path = "GoogleService-Info.plist"; sourceTree = "<group>"; };
		C3DD5F6020C4802E0042A258 /* LoginViewController.swift */ = {isa = PBXFileReference; lastKnownFileType = sourcecode.swift; path = LoginViewController.swift; sourceTree = "<group>"; };
		C3DDAD98213B9FEC000A84BA /* Annotations.swift */ = {isa = PBXFileReference; lastKnownFileType = sourcecode.swift; path = Annotations.swift; sourceTree = "<group>"; };
		C3DDAD9E213BA87F000A84BA /* roomTableViewCell.swift */ = {isa = PBXFileReference; lastKnownFileType = sourcecode.swift; path = roomTableViewCell.swift; sourceTree = "<group>"; };
		C3DDAD9F213BA87F000A84BA /* roomTableViewCell.xib */ = {isa = PBXFileReference; lastKnownFileType = file.xib; path = roomTableViewCell.xib; sourceTree = "<group>"; };
		C3F0416D208A5CEF00A9528B /* DiversityCenter.app */ = {isa = PBXFileReference; explicitFileType = wrapper.application; includeInIndex = 0; path = DiversityCenter.app; sourceTree = BUILT_PRODUCTS_DIR; };
		C3F04170208A5CEF00A9528B /* AppDelegate.swift */ = {isa = PBXFileReference; lastKnownFileType = sourcecode.swift; path = AppDelegate.swift; sourceTree = "<group>"; };
		C3F04172208A5CEF00A9528B /* contactUs.swift */ = {isa = PBXFileReference; lastKnownFileType = sourcecode.swift; path = contactUs.swift; sourceTree = "<group>"; };
		C3F04174208A5CEF00A9528B /* huskyPantry.swift */ = {isa = PBXFileReference; lastKnownFileType = sourcecode.swift; path = huskyPantry.swift; sourceTree = "<group>"; };
		C3F04177208A5CEF00A9528B /* Base */ = {isa = PBXFileReference; lastKnownFileType = file.storyboard; name = Base; path = Base.lproj/Main.storyboard; sourceTree = "<group>"; };
		C3F04179208A5CF000A9528B /* Assets.xcassets */ = {isa = PBXFileReference; lastKnownFileType = folder.assetcatalog; path = Assets.xcassets; sourceTree = "<group>"; };
		C3F0417C208A5CF000A9528B /* Base */ = {isa = PBXFileReference; lastKnownFileType = file.storyboard; name = Base; path = Base.lproj/LaunchScreen.storyboard; sourceTree = "<group>"; };
		C3F0417E208A5CF000A9528B /* Info.plist */ = {isa = PBXFileReference; lastKnownFileType = text.plist.xml; path = Info.plist; sourceTree = "<group>"; };
		DFB7AB89CF8AB217BD32874E /* Pods_DiversityCenter.framework */ = {isa = PBXFileReference; explicitFileType = wrapper.framework; includeInIndex = 0; path = Pods_DiversityCenter.framework; sourceTree = BUILT_PRODUCTS_DIR; };
/* End PBXFileReference section */

/* Begin PBXFrameworksBuildPhase section */
		C3F0416A208A5CEF00A9528B /* Frameworks */ = {
			isa = PBXFrameworksBuildPhase;
			buildActionMask = 2147483647;
			files = (
				ECF7BE412578FB2D7D5A485A /* Pods_DiversityCenter.framework in Frameworks */,
			);
			runOnlyForDeploymentPostprocessing = 0;
		};
/* End PBXFrameworksBuildPhase section */

/* Begin PBXGroup section */
		7785635328AA4A197E7D3C5A /* Pods */ = {
			isa = PBXGroup;
			children = (
				9394543147A2E60DBD45D784 /* Pods-DiversityCenter.debug.xcconfig */,
				1847FB90CEC912BD7D7B4F54 /* Pods-DiversityCenter.release.xcconfig */,
			);
			name = Pods;
			sourceTree = "<group>";
		};
		C33F31F220C205AE00626E0C /* view */ = {
			isa = PBXGroup;
			children = (
				C3F0417B208A5CF000A9528B /* LaunchScreen.storyboard */,
				C3F04176208A5CEF00A9528B /* Main.storyboard */,
				C35B3CDD20D0816300747066 /* newsFeed.storyboard */,
				C35B3CE520D082F300747066 /* Pantry_SB.storyboard */,
				C35B3CE920D0831200747066 /* ContactUs_SB.storyboard */,
				C35B3CE720D0830400747066 /* POW_SB.storyboard */,
				C35B3CDF20D082B200747066 /* rooms.storyboard */,
			);
			path = view;
			sourceTree = "<group>";
		};
		C33F31F320C205C400626E0C /* controller */ = {
			isa = PBXGroup;
			children = (
				C3F04170208A5CEF00A9528B /* AppDelegate.swift */,
				C3EFA7EF212B6EED00B41A5E /* Login */,
				C3EFA7EE212B6ED500B41A5E /* Feeds */,
				C3C3F706213C8BC300D422D8 /* Rooms */,
				C3EFA7F0212B6F1800B41A5E /* POW */,
				C3F04174208A5CEF00A9528B /* huskyPantry.swift */,
				C3F04172208A5CEF00A9528B /* contactUs.swift */,
			);
			path = controller;
			sourceTree = "<group>";
		};
		C37A74FC20D5BEC500719AAF /* model */ = {
			isa = PBXGroup;
			children = (
				C37A74FF20D5C4D000719AAF /* Feed.swift */,
				C3DDAD98213B9FEC000A84BA /* Annotations.swift */,
			);
			name = model;
			path = ..;
			sourceTree = "<group>";
		};
		C3C3F706213C8BC300D422D8 /* Rooms */ = {
			isa = PBXGroup;
			children = (
				C37A750320D755F600719AAF /* RoomsUiViewViewController.swift */,
				C3DDAD9E213BA87F000A84BA /* roomTableViewCell.swift */,
				C3DDAD9F213BA87F000A84BA /* roomTableViewCell.xib */,
			);
			path = Rooms;
			sourceTree = "<group>";
		};
		C3EFA7EE212B6ED500B41A5E /* Feeds */ = {
			isa = PBXGroup;
			children = (
				C37A750120D5C9C000719AAF /* feedTableViewController.swift */,
				C35879B721292C4D00970C1F /* bookmarkTableViewController.swift */,
				C35879B821292C4D00970C1F /* bookmarkCell.xib */,
				C37A74FD20D5C1CC00719AAF /* feedCellTableViewCell.swift */,
			);
			path = Feeds;
			sourceTree = "<group>";
		};
		C3EFA7EF212B6EED00B41A5E /* Login */ = {
			isa = PBXGroup;
			children = (
				C3BCAAB320D259CD00A4A542 /* loginCheckViewController.swift */,
				C3DD5F6020C4802E0042A258 /* LoginViewController.swift */,
			);
			path = Login;
			sourceTree = "<group>";
		};
		C3EFA7F0212B6F1800B41A5E /* POW */ = {
			isa = PBXGroup;
			children = (
				C3A0C8AC20C0C9F000FD6213 /* controllerViewCell.swift */,
				C39964BA20BF2BCC008DB420 /* MapView.swift */,
				C3A0C8AA20C0C81F00FD6213 /* pow.swift */,
			);
			path = POW;
			sourceTree = "<group>";
		};
		C3F04164208A5CEE00A9528B = {
			isa = PBXGroup;
			children = (
				C3F0416F208A5CEF00A9528B /* DiversityCenter */,
				C3F0416E208A5CEF00A9528B /* Products */,
				7785635328AA4A197E7D3C5A /* Pods */,
				E7FB74E24533E08B9A9B6329 /* Frameworks */,
			);
			sourceTree = "<group>";
		};
		C3F0416E208A5CEF00A9528B /* Products */ = {
			isa = PBXGroup;
			children = (
				C3F0416D208A5CEF00A9528B /* DiversityCenter.app */,
			);
			name = Products;
			sourceTree = "<group>";
		};
		C3F0416F208A5CEF00A9528B /* DiversityCenter */ = {
			isa = PBXGroup;
			children = (
				C37A74FC20D5BEC500719AAF /* model */,
				C33F31F220C205AE00626E0C /* view */,
				C33F31F320C205C400626E0C /* controller */,
				C3F04179208A5CF000A9528B /* Assets.xcassets */,
				C3F0417E208A5CF000A9528B /* Info.plist */,
				C3BDED19212BC6A60084B475 /* GoogleService-Info.plist */,
			);
			path = DiversityCenter;
			sourceTree = "<group>";
		};
		E7FB74E24533E08B9A9B6329 /* Frameworks */ = {
			isa = PBXGroup;
			children = (
				DFB7AB89CF8AB217BD32874E /* Pods_DiversityCenter.framework */,
			);
			name = Frameworks;
			sourceTree = "<group>";
		};
/* End PBXGroup section */

/* Begin PBXNativeTarget section */
		C3F0416C208A5CEF00A9528B /* DiversityCenter */ = {
			isa = PBXNativeTarget;
			buildConfigurationList = C3F04181208A5CF000A9528B /* Build configuration list for PBXNativeTarget "DiversityCenter" */;
			buildPhases = (
				075D91235B4D160DD1289FFF /* [CP] Check Pods Manifest.lock */,
				C3F04169208A5CEF00A9528B /* Sources */,
				C3F0416A208A5CEF00A9528B /* Frameworks */,
				C3F0416B208A5CEF00A9528B /* Resources */,
				C335230220C20F4300738DC4 /* Copy Frameworks */,
				A10888E30D2F5802809EACA0 /* [CP] Embed Pods Frameworks */,
			);
			buildRules = (
			);
			dependencies = (
			);
			name = DiversityCenter;
			productName = DiversityCenter;
			productReference = C3F0416D208A5CEF00A9528B /* DiversityCenter.app */;
			productType = "com.apple.product-type.application";
		};
/* End PBXNativeTarget section */

/* Begin PBXProject section */
		C3F04165208A5CEE00A9528B /* Project object */ = {
			isa = PBXProject;
			attributes = {
				LastSwiftUpdateCheck = 0930;
				LastUpgradeCheck = 0930;
				ORGANIZATIONNAME = "Arrido Arfiadi";
				TargetAttributes = {
					C3F0416C208A5CEF00A9528B = {
						CreatedOnToolsVersion = 9.3;
					};
				};
			};
			buildConfigurationList = C3F04168208A5CEF00A9528B /* Build configuration list for PBXProject "DiversityCenter" */;
			compatibilityVersion = "Xcode 9.3";
			developmentRegion = en;
			hasScannedForEncodings = 0;
			knownRegions = (
				en,
				Base,
			);
			mainGroup = C3F04164208A5CEE00A9528B;
			productRefGroup = C3F0416E208A5CEF00A9528B /* Products */;
			projectDirPath = "";
			projectRoot = "";
			targets = (
				C3F0416C208A5CEF00A9528B /* DiversityCenter */,
			);
		};
/* End PBXProject section */

/* Begin PBXResourcesBuildPhase section */
		C3F0416B208A5CEF00A9528B /* Resources */ = {
			isa = PBXResourcesBuildPhase;
			buildActionMask = 2147483647;
			files = (
				C35B3CDE20D0816300747066 /* newsFeed.storyboard in Resources */,
				C3F0417D208A5CF000A9528B /* LaunchScreen.storyboard in Resources */,
				C3DDADA1213BA87F000A84BA /* roomTableViewCell.xib in Resources */,
				C35B3CE820D0830400747066 /* POW_SB.storyboard in Resources */,
				C3F0417A208A5CF000A9528B /* Assets.xcassets in Resources */,
				C35B3CE020D082B200747066 /* rooms.storyboard in Resources */,
				C3F04178208A5CEF00A9528B /* Main.storyboard in Resources */,
				C35879BA21292C4D00970C1F /* bookmarkCell.xib in Resources */,
				C3BDED1A212BC6A60084B475 /* GoogleService-Info.plist in Resources */,
				C35B3CEA20D0831200747066 /* ContactUs_SB.storyboard in Resources */,
				C35B3CE620D082F300747066 /* Pantry_SB.storyboard in Resources */,
			);
			runOnlyForDeploymentPostprocessing = 0;
		};
/* End PBXResourcesBuildPhase section */

/* Begin PBXShellScriptBuildPhase section */
		075D91235B4D160DD1289FFF /* [CP] Check Pods Manifest.lock */ = {
			isa = PBXShellScriptBuildPhase;
			buildActionMask = 2147483647;
			files = (
			);
			inputPaths = (
				"${PODS_PODFILE_DIR_PATH}/Podfile.lock",
				"${PODS_ROOT}/Manifest.lock",
			);
			name = "[CP] Check Pods Manifest.lock";
			outputPaths = (
				"$(DERIVED_FILE_DIR)/Pods-DiversityCenter-checkManifestLockResult.txt",
			);
			runOnlyForDeploymentPostprocessing = 0;
			shellPath = /bin/sh;
			shellScript = "diff \"${PODS_PODFILE_DIR_PATH}/Podfile.lock\" \"${PODS_ROOT}/Manifest.lock\" > /dev/null\nif [ $? != 0 ] ; then\n    # print error to STDERR\n    echo \"error: The sandbox is not in sync with the Podfile.lock. Run 'pod install' or update your CocoaPods installation.\" >&2\n    exit 1\nfi\n# This output is used by Xcode 'outputs' to avoid re-running this script phase.\necho \"SUCCESS\" > \"${SCRIPT_OUTPUT_FILE_0}\"\n";
			showEnvVarsInLog = 0;
		};
		A10888E30D2F5802809EACA0 /* [CP] Embed Pods Frameworks */ = {
			isa = PBXShellScriptBuildPhase;
			buildActionMask = 2147483647;
			files = (
			);
			inputPaths = (
				"${SRCROOT}/Pods/Target Support Files/Pods-DiversityCenter/Pods-DiversityCenter-frameworks.sh",
				"${BUILT_PRODUCTS_DIR}/Bolts/Bolts.framework",
				"${BUILT_PRODUCTS_DIR}/ChameleonFramework/ChameleonFramework.framework",
				"${BUILT_PRODUCTS_DIR}/FBSDKCoreKit/FBSDKCoreKit.framework",
				"${BUILT_PRODUCTS_DIR}/FBSDKLoginKit/FBSDKLoginKit.framework",
				"${BUILT_PRODUCTS_DIR}/FBSDKShareKit/FBSDKShareKit.framework",
				"${BUILT_PRODUCTS_DIR}/FacebookCore/FacebookCore.framework",
				"${BUILT_PRODUCTS_DIR}/FacebookLogin/FacebookLogin.framework",
				"${BUILT_PRODUCTS_DIR}/FacebookShare/FacebookShare.framework",
				"${BUILT_PRODUCTS_DIR}/GTMSessionFetcher/GTMSessionFetcher.framework",
				"${BUILT_PRODUCTS_DIR}/GoogleUtilities/GoogleUtilities.framework",
				"${BUILT_PRODUCTS_DIR}/Realm/Realm.framework",
				"${BUILT_PRODUCTS_DIR}/RealmSwift/RealmSwift.framework",
				"${BUILT_PRODUCTS_DIR}/SVProgressHUD/SVProgressHUD.framework",
				"${BUILT_PRODUCTS_DIR}/SkeletonView/SkeletonView.framework",
				"${BUILT_PRODUCTS_DIR}/SwipeCellKit/SwipeCellKit.framework",
				"${BUILT_PRODUCTS_DIR}/leveldb-library/leveldb.framework",
				"${BUILT_PRODUCTS_DIR}/nanopb/nanopb.framework",
			);
			name = "[CP] Embed Pods Frameworks";
			outputPaths = (
				"${TARGET_BUILD_DIR}/${FRAMEWORKS_FOLDER_PATH}/Bolts.framework",
				"${TARGET_BUILD_DIR}/${FRAMEWORKS_FOLDER_PATH}/ChameleonFramework.framework",
				"${TARGET_BUILD_DIR}/${FRAMEWORKS_FOLDER_PATH}/FBSDKCoreKit.framework",
				"${TARGET_BUILD_DIR}/${FRAMEWORKS_FOLDER_PATH}/FBSDKLoginKit.framework",
				"${TARGET_BUILD_DIR}/${FRAMEWORKS_FOLDER_PATH}/FBSDKShareKit.framework",
				"${TARGET_BUILD_DIR}/${FRAMEWORKS_FOLDER_PATH}/FacebookCore.framework",
				"${TARGET_BUILD_DIR}/${FRAMEWORKS_FOLDER_PATH}/FacebookLogin.framework",
				"${TARGET_BUILD_DIR}/${FRAMEWORKS_FOLDER_PATH}/FacebookShare.framework",
				"${TARGET_BUILD_DIR}/${FRAMEWORKS_FOLDER_PATH}/GTMSessionFetcher.framework",
				"${TARGET_BUILD_DIR}/${FRAMEWORKS_FOLDER_PATH}/GoogleUtilities.framework",
				"${TARGET_BUILD_DIR}/${FRAMEWORKS_FOLDER_PATH}/Realm.framework",
				"${TARGET_BUILD_DIR}/${FRAMEWORKS_FOLDER_PATH}/RealmSwift.framework",
				"${TARGET_BUILD_DIR}/${FRAMEWORKS_FOLDER_PATH}/SVProgressHUD.framework",
				"${TARGET_BUILD_DIR}/${FRAMEWORKS_FOLDER_PATH}/SkeletonView.framework",
				"${TARGET_BUILD_DIR}/${FRAMEWORKS_FOLDER_PATH}/SwipeCellKit.framework",
				"${TARGET_BUILD_DIR}/${FRAMEWORKS_FOLDER_PATH}/leveldb.framework",
				"${TARGET_BUILD_DIR}/${FRAMEWORKS_FOLDER_PATH}/nanopb.framework",
			);
			runOnlyForDeploymentPostprocessing = 0;
			shellPath = /bin/sh;
			shellScript = "\"${SRCROOT}/Pods/Target Support Files/Pods-DiversityCenter/Pods-DiversityCenter-frameworks.sh\"\n";
			showEnvVarsInLog = 0;
		};
/* End PBXShellScriptBuildPhase section */

/* Begin PBXSourcesBuildPhase section */
		C3F04169208A5CEF00A9528B /* Sources */ = {
			isa = PBXSourcesBuildPhase;
			buildActionMask = 2147483647;
			files = (
				C3F04175208A5CEF00A9528B /* huskyPantry.swift in Sources */,
				C37A74FE20D5C1CC00719AAF /* feedCellTableViewCell.swift in Sources */,
				C3BCAAB420D259CD00A4A542 /* loginCheckViewController.swift in Sources */,
				C37A750220D5C9C000719AAF /* feedTableViewController.swift in Sources */,
				C3A0C8AD20C0C9F000FD6213 /* controllerViewCell.swift in Sources */,
				C3A0C8AB20C0C81F00FD6213 /* pow.swift in Sources */,
				C3DD5F6120C4802E0042A258 /* LoginViewController.swift in Sources */,
				C39964BB20BF2BCC008DB420 /* MapView.swift in Sources */,
				C35879B921292C4D00970C1F /* bookmarkTableViewController.swift in Sources */,
				C3F04171208A5CEF00A9528B /* AppDelegate.swift in Sources */,
				C37A750020D5C4D000719AAF /* Feed.swift in Sources */,
				C37A750420D755F600719AAF /* RoomsUiViewViewController.swift in Sources */,
				C3DDAD99213B9FEC000A84BA /* Annotations.swift in Sources */,
				C3F04173208A5CEF00A9528B /* contactUs.swift in Sources */,
				C3DDADA0213BA87F000A84BA /* roomTableViewCell.swift in Sources */,
			);
			runOnlyForDeploymentPostprocessing = 0;
		};
/* End PBXSourcesBuildPhase section */

/* Begin PBXVariantGroup section */
		C3F04176208A5CEF00A9528B /* Main.storyboard */ = {
			isa = PBXVariantGroup;
			children = (
				C3F04177208A5CEF00A9528B /* Base */,
			);
			name = Main.storyboard;
			sourceTree = "<group>";
		};
		C3F0417B208A5CF000A9528B /* LaunchScreen.storyboard */ = {
			isa = PBXVariantGroup;
			children = (
				C3F0417C208A5CF000A9528B /* Base */,
			);
			name = LaunchScreen.storyboard;
			sourceTree = "<group>";
		};
/* End PBXVariantGroup section */

/* Begin XCBuildConfiguration section */
		C3F0417F208A5CF000A9528B /* Debug */ = {
			isa = XCBuildConfiguration;
			buildSettings = {
				ALWAYS_SEARCH_USER_PATHS = NO;
				CLANG_ANALYZER_NONNULL = YES;
				CLANG_ANALYZER_NUMBER_OBJECT_CONVERSION = YES_AGGRESSIVE;
				CLANG_CXX_LANGUAGE_STANDARD = "gnu++14";
				CLANG_CXX_LIBRARY = "libc++";
				CLANG_ENABLE_MODULES = YES;
				CLANG_ENABLE_OBJC_ARC = YES;
				CLANG_ENABLE_OBJC_WEAK = YES;
				CLANG_WARN_BLOCK_CAPTURE_AUTORELEASING = YES;
				CLANG_WARN_BOOL_CONVERSION = YES;
				CLANG_WARN_COMMA = YES;
				CLANG_WARN_CONSTANT_CONVERSION = YES;
				CLANG_WARN_DEPRECATED_OBJC_IMPLEMENTATIONS = YES;
				CLANG_WARN_DIRECT_OBJC_ISA_USAGE = YES_ERROR;
				CLANG_WARN_DOCUMENTATION_COMMENTS = YES;
				CLANG_WARN_EMPTY_BODY = YES;
				CLANG_WARN_ENUM_CONVERSION = YES;
				CLANG_WARN_INFINITE_RECURSION = YES;
				CLANG_WARN_INT_CONVERSION = YES;
				CLANG_WARN_NON_LITERAL_NULL_CONVERSION = YES;
				CLANG_WARN_OBJC_IMPLICIT_RETAIN_SELF = YES;
				CLANG_WARN_OBJC_LITERAL_CONVERSION = YES;
				CLANG_WARN_OBJC_ROOT_CLASS = YES_ERROR;
				CLANG_WARN_RANGE_LOOP_ANALYSIS = YES;
				CLANG_WARN_STRICT_PROTOTYPES = YES;
				CLANG_WARN_SUSPICIOUS_MOVE = YES;
				CLANG_WARN_UNGUARDED_AVAILABILITY = YES_AGGRESSIVE;
				CLANG_WARN_UNREACHABLE_CODE = YES;
				CLANG_WARN__DUPLICATE_METHOD_MATCH = YES;
				CODE_SIGN_IDENTITY = "iPhone Developer";
				COPY_PHASE_STRIP = NO;
				DEBUG_INFORMATION_FORMAT = dwarf;
				ENABLE_STRICT_OBJC_MSGSEND = YES;
				ENABLE_TESTABILITY = YES;
				GCC_C_LANGUAGE_STANDARD = gnu11;
				GCC_DYNAMIC_NO_PIC = NO;
				GCC_NO_COMMON_BLOCKS = YES;
				GCC_OPTIMIZATION_LEVEL = 0;
				GCC_PREPROCESSOR_DEFINITIONS = (
					"DEBUG=1",
					"$(inherited)",
				);
				GCC_WARN_64_TO_32_BIT_CONVERSION = YES;
				GCC_WARN_ABOUT_RETURN_TYPE = YES_ERROR;
				GCC_WARN_UNDECLARED_SELECTOR = YES;
				GCC_WARN_UNINITIALIZED_AUTOS = YES_AGGRESSIVE;
				GCC_WARN_UNUSED_FUNCTION = YES;
				GCC_WARN_UNUSED_VARIABLE = YES;
				IPHONEOS_DEPLOYMENT_TARGET = 11.3;
				MTL_ENABLE_DEBUG_INFO = YES;
				ONLY_ACTIVE_ARCH = YES;
				SDKROOT = iphoneos;
				SWIFT_ACTIVE_COMPILATION_CONDITIONS = DEBUG;
				SWIFT_OPTIMIZATION_LEVEL = "-Onone";
			};
			name = Debug;
		};
		C3F04180208A5CF000A9528B /* Release */ = {
			isa = XCBuildConfiguration;
			buildSettings = {
				ALWAYS_SEARCH_USER_PATHS = NO;
				CLANG_ANALYZER_NONNULL = YES;
				CLANG_ANALYZER_NUMBER_OBJECT_CONVERSION = YES_AGGRESSIVE;
				CLANG_CXX_LANGUAGE_STANDARD = "gnu++14";
				CLANG_CXX_LIBRARY = "libc++";
				CLANG_ENABLE_MODULES = YES;
				CLANG_ENABLE_OBJC_ARC = YES;
				CLANG_ENABLE_OBJC_WEAK = YES;
				CLANG_WARN_BLOCK_CAPTURE_AUTORELEASING = YES;
				CLANG_WARN_BOOL_CONVERSION = YES;
				CLANG_WARN_COMMA = YES;
				CLANG_WARN_CONSTANT_CONVERSION = YES;
				CLANG_WARN_DEPRECATED_OBJC_IMPLEMENTATIONS = YES;
				CLANG_WARN_DIRECT_OBJC_ISA_USAGE = YES_ERROR;
				CLANG_WARN_DOCUMENTATION_COMMENTS = YES;
				CLANG_WARN_EMPTY_BODY = YES;
				CLANG_WARN_ENUM_CONVERSION = YES;
				CLANG_WARN_INFINITE_RECURSION = YES;
				CLANG_WARN_INT_CONVERSION = YES;
				CLANG_WARN_NON_LITERAL_NULL_CONVERSION = YES;
				CLANG_WARN_OBJC_IMPLICIT_RETAIN_SELF = YES;
				CLANG_WARN_OBJC_LITERAL_CONVERSION = YES;
				CLANG_WARN_OBJC_ROOT_CLASS = YES_ERROR;
				CLANG_WARN_RANGE_LOOP_ANALYSIS = YES;
				CLANG_WARN_STRICT_PROTOTYPES = YES;
				CLANG_WARN_SUSPICIOUS_MOVE = YES;
				CLANG_WARN_UNGUARDED_AVAILABILITY = YES_AGGRESSIVE;
				CLANG_WARN_UNREACHABLE_CODE = YES;
				CLANG_WARN__DUPLICATE_METHOD_MATCH = YES;
				CODE_SIGN_IDENTITY = "iPhone Developer";
				COPY_PHASE_STRIP = NO;
				DEBUG_INFORMATION_FORMAT = "dwarf-with-dsym";
				ENABLE_NS_ASSERTIONS = NO;
				ENABLE_STRICT_OBJC_MSGSEND = YES;
				GCC_C_LANGUAGE_STANDARD = gnu11;
				GCC_NO_COMMON_BLOCKS = YES;
				GCC_WARN_64_TO_32_BIT_CONVERSION = YES;
				GCC_WARN_ABOUT_RETURN_TYPE = YES_ERROR;
				GCC_WARN_UNDECLARED_SELECTOR = YES;
				GCC_WARN_UNINITIALIZED_AUTOS = YES_AGGRESSIVE;
				GCC_WARN_UNUSED_FUNCTION = YES;
				GCC_WARN_UNUSED_VARIABLE = YES;
				IPHONEOS_DEPLOYMENT_TARGET = 11.3;
				MTL_ENABLE_DEBUG_INFO = NO;
				SDKROOT = iphoneos;
				SWIFT_COMPILATION_MODE = wholemodule;
				SWIFT_OPTIMIZATION_LEVEL = "-O";
				VALIDATE_PRODUCT = YES;
			};
			name = Release;
		};
		C3F04182208A5CF000A9528B /* Debug */ = {
			isa = XCBuildConfiguration;
			baseConfigurationReference = 9394543147A2E60DBD45D784 /* Pods-DiversityCenter.debug.xcconfig */;
			buildSettings = {
				ASSETCATALOG_COMPILER_APPICON_NAME = AppIcon;
				CODE_SIGN_STYLE = Automatic;
				DEVELOPMENT_TEAM = 6HD28GBFW2;
				INFOPLIST_FILE = DiversityCenter/Info.plist;
				LD_RUNPATH_SEARCH_PATHS = (
					"$(inherited)",
					"@executable_path/Frameworks",
				);
				PRODUCT_BUNDLE_IDENTIFIER = arridoArfiadi.DiversityCenter;
				PRODUCT_NAME = "$(TARGET_NAME)";
				SWIFT_VERSION = 4.0;
				TARGETED_DEVICE_FAMILY = "1,2";
			};
			name = Debug;
		};
		C3F04183208A5CF000A9528B /* Release */ = {
			isa = XCBuildConfiguration;
			baseConfigurationReference = 1847FB90CEC912BD7D7B4F54 /* Pods-DiversityCenter.release.xcconfig */;
			buildSettings = {
				ASSETCATALOG_COMPILER_APPICON_NAME = AppIcon;
				CODE_SIGN_STYLE = Automatic;
				DEVELOPMENT_TEAM = 6HD28GBFW2;
				INFOPLIST_FILE = DiversityCenter/Info.plist;
				LD_RUNPATH_SEARCH_PATHS = (
					"$(inherited)",
					"@executable_path/Frameworks",
				);
				PRODUCT_BUNDLE_IDENTIFIER = arridoArfiadi.DiversityCenter;
				PRODUCT_NAME = "$(TARGET_NAME)";
				SWIFT_VERSION = 4.0;
				TARGETED_DEVICE_FAMILY = "1,2";
			};
			name = Release;
		};
/* End XCBuildConfiguration section */

/* Begin XCConfigurationList section */
		C3F04168208A5CEF00A9528B /* Build configuration list for PBXProject "DiversityCenter" */ = {
			isa = XCConfigurationList;
			buildConfigurations = (
				C3F0417F208A5CF000A9528B /* Debug */,
				C3F04180208A5CF000A9528B /* Release */,
			);
			defaultConfigurationIsVisible = 0;
			defaultConfigurationName = Release;
		};
		C3F04181208A5CF000A9528B /* Build configuration list for PBXNativeTarget "DiversityCenter" */ = {
			isa = XCConfigurationList;
			buildConfigurations = (
				C3F04182208A5CF000A9528B /* Debug */,
				C3F04183208A5CF000A9528B /* Release */,
			);
			defaultConfigurationIsVisible = 0;
			defaultConfigurationName = Release;
		};
/* End XCConfigurationList section */
	};
	rootObject = C3F04165208A5CEE00A9528B /* Project object */;
}
